// !$*UTF8*$!
{
	archiveVersion = 1;
	classes = {
	};
	objectVersion = 56;
	objects = {

/* Begin PBXBuildFile section */
		9806820E2CCEE1200001824E /* URecipes.xcdatamodeld in Sources */ = {isa = PBXBuildFile; fileRef = 9806820C2CCEE1200001824E /* URecipes.xcdatamodeld */; };
		980682112CCEE1EF0001824E /* UserRecipe+CoreDataClass.swift in Sources */ = {isa = PBXBuildFile; fileRef = 9806820F2CCEE1EF0001824E /* UserRecipe+CoreDataClass.swift */; };
		980682122CCEE1EF0001824E /* UserRecipe+CoreDataProperties.swift in Sources */ = {isa = PBXBuildFile; fileRef = 980682102CCEE1EF0001824E /* UserRecipe+CoreDataProperties.swift */; };
		9806821B2CD7DF3B0001824E /* UserRecipeViewController.swift in Sources */ = {isa = PBXBuildFile; fileRef = 9806821A2CD7DF3B0001824E /* UserRecipeViewController.swift */; };
		9806821D2CD7E1EE0001824E /* URecipesDataStack.swift in Sources */ = {isa = PBXBuildFile; fileRef = 9806821C2CD7E1EE0001824E /* URecipesDataStack.swift */; };
		9806821F2CD7E2CB0001824E /* URecipesService.swift in Sources */ = {isa = PBXBuildFile; fileRef = 9806821E2CD7E2CB0001824E /* URecipesService.swift */; };
		980682212CD7E74C0001824E /* URecipesTableViewController.swift in Sources */ = {isa = PBXBuildFile; fileRef = 980682202CD7E74C0001824E /* URecipesTableViewController.swift */; };
		9809C74E2CB31D070071C685 /* GoogleSearchModel.swift in Sources */ = {isa = PBXBuildFile; fileRef = 9809C74D2CB31D070071C685 /* GoogleSearchModel.swift */; };
		9809C7502CB3206D0071C685 /* GoogleSearchData.swift in Sources */ = {isa = PBXBuildFile; fileRef = 9809C74F2CB3206D0071C685 /* GoogleSearchData.swift */; };
		986501C02CB5D797006C0159 /* PhotoFoodTests.swift in Sources */ = {isa = PBXBuildFile; fileRef = 986501BF2CB5D797006C0159 /* PhotoFoodTests.swift */; };
		98876C2F2CC2CEB200E2B6B0 /* SearchPresenterTests.swift in Sources */ = {isa = PBXBuildFile; fileRef = 98876C2E2CC2CEB200E2B6B0 /* SearchPresenterTests.swift */; };
		9890C13C2CBD905000AB4CBB /* SearchManager.swift in Sources */ = {isa = PBXBuildFile; fileRef = 9890C13B2CBD905000AB4CBB /* SearchManager.swift */; };
		9890C13E2CBD978C00AB4CBB /* GoogleSearchView.swift in Sources */ = {isa = PBXBuildFile; fileRef = 9890C13D2CBD978C00AB4CBB /* GoogleSearchView.swift */; };
		9890C1402CBDA6C000AB4CBB /* SearchContentView.swift in Sources */ = {isa = PBXBuildFile; fileRef = 9890C13F2CBDA6C000AB4CBB /* SearchContentView.swift */; };
		989310D12CD8090D002D6D89 /* TestURecipesDataStack.swift in Sources */ = {isa = PBXBuildFile; fileRef = 989310D02CD8090C002D6D89 /* TestURecipesDataStack.swift */; };
		989310D32CD809AC002D6D89 /* URecipesServiceTests.swift in Sources */ = {isa = PBXBuildFile; fileRef = 989310D22CD809AC002D6D89 /* URecipesServiceTests.swift */; };
		98A4C3B62CBDC8EA00319485 /* testSearch.json in Resources */ = {isa = PBXBuildFile; fileRef = 98A4C3B52CBDC8EA00319485 /* testSearch.json */; };
		98E07AE42CB83ED50070EA2F /* Constants.swift in Sources */ = {isa = PBXBuildFile; fileRef = 98E07AE32CB83ED50070EA2F /* Constants.swift */; };
		98E07AE62CB84AEA0070EA2F /* SearchPresenter.swift in Sources */ = {isa = PBXBuildFile; fileRef = 98E07AE52CB84AEA0070EA2F /* SearchPresenter.swift */; };
		98E7B1882CC1A56400A15640 /* PhotoFoodUITests.swift in Sources */ = {isa = PBXBuildFile; fileRef = 98E7B1872CC1A56400A15640 /* PhotoFoodUITests.swift */; };
		98E7B18A2CC1A56400A15640 /* PhotoFoodUITestsLaunchTests.swift in Sources */ = {isa = PBXBuildFile; fileRef = 98E7B1892CC1A56400A15640 /* PhotoFoodUITestsLaunchTests.swift */; };
		98F848C82C9CB4810080105D /* AppDelegate.swift in Sources */ = {isa = PBXBuildFile; fileRef = 98F848C72C9CB4810080105D /* AppDelegate.swift */; };
		98F848CA2C9CB4810080105D /* SceneDelegate.swift in Sources */ = {isa = PBXBuildFile; fileRef = 98F848C92C9CB4810080105D /* SceneDelegate.swift */; };
		98F848CC2C9CB4810080105D /* CameraViewController.swift in Sources */ = {isa = PBXBuildFile; fileRef = 98F848CB2C9CB4810080105D /* CameraViewController.swift */; };
		98F848CF2C9CB4810080105D /* Base in Resources */ = {isa = PBXBuildFile; fileRef = 98F848CE2C9CB4810080105D /* Base */; };
		98F848D42C9CB4820080105D /* Assets.xcassets in Resources */ = {isa = PBXBuildFile; fileRef = 98F848D32C9CB4820080105D /* Assets.xcassets */; };
		98F848D72C9CB4820080105D /* Base in Resources */ = {isa = PBXBuildFile; fileRef = 98F848D62C9CB4820080105D /* Base */; };
		98F848E02C9CC34F0080105D /* LaunchScreen.storyboard in Resources */ = {isa = PBXBuildFile; fileRef = 98F848D52C9CB4820080105D /* LaunchScreen.storyboard */; };
		98F848E72C9CD9720080105D /* SearchViewController.swift in Sources */ = {isa = PBXBuildFile; fileRef = 98F848E62C9CD9720080105D /* SearchViewController.swift */; };
/* End PBXBuildFile section */

/* Begin PBXContainerItemProxy section */
		986501C12CB5D797006C0159 /* PBXContainerItemProxy */ = {
			isa = PBXContainerItemProxy;
			containerPortal = 98F848BC2C9CB4810080105D /* Project object */;
			proxyType = 1;
			remoteGlobalIDString = 98F848C32C9CB4810080105D;
			remoteInfo = PhotoFood;
		};
		98E7B18B2CC1A56400A15640 /* PBXContainerItemProxy */ = {
			isa = PBXContainerItemProxy;
			containerPortal = 98F848BC2C9CB4810080105D /* Project object */;
			proxyType = 1;
			remoteGlobalIDString = 98F848C32C9CB4810080105D;
			remoteInfo = PhotoFood;
		};
/* End PBXContainerItemProxy section */

/* Begin PBXFileReference section */
		9806820D2CCEE1200001824E /* URecipes.xcdatamodel */ = {isa = PBXFileReference; lastKnownFileType = wrapper.xcdatamodel; path = URecipes.xcdatamodel; sourceTree = "<group>"; };
		9806820F2CCEE1EF0001824E /* UserRecipe+CoreDataClass.swift */ = {isa = PBXFileReference; lastKnownFileType = sourcecode.swift; path = "UserRecipe+CoreDataClass.swift"; sourceTree = "<group>"; };
		980682102CCEE1EF0001824E /* UserRecipe+CoreDataProperties.swift */ = {isa = PBXFileReference; lastKnownFileType = sourcecode.swift; path = "UserRecipe+CoreDataProperties.swift"; sourceTree = "<group>"; };
		9806821A2CD7DF3B0001824E /* UserRecipeViewController.swift */ = {isa = PBXFileReference; lastKnownFileType = sourcecode.swift; path = UserRecipeViewController.swift; sourceTree = "<group>"; };
		9806821C2CD7E1EE0001824E /* URecipesDataStack.swift */ = {isa = PBXFileReference; lastKnownFileType = sourcecode.swift; path = URecipesDataStack.swift; sourceTree = "<group>"; };
		9806821E2CD7E2CB0001824E /* URecipesService.swift */ = {isa = PBXFileReference; lastKnownFileType = sourcecode.swift; path = URecipesService.swift; sourceTree = "<group>"; };
		980682202CD7E74C0001824E /* URecipesTableViewController.swift */ = {isa = PBXFileReference; lastKnownFileType = sourcecode.swift; path = URecipesTableViewController.swift; sourceTree = "<group>"; };
		9809C74D2CB31D070071C685 /* GoogleSearchModel.swift */ = {isa = PBXFileReference; lastKnownFileType = sourcecode.swift; path = GoogleSearchModel.swift; sourceTree = "<group>"; };
		9809C74F2CB3206D0071C685 /* GoogleSearchData.swift */ = {isa = PBXFileReference; lastKnownFileType = sourcecode.swift; path = GoogleSearchData.swift; sourceTree = "<group>"; };
		986501BD2CB5D797006C0159 /* PhotoFoodTests.xctest */ = {isa = PBXFileReference; explicitFileType = wrapper.cfbundle; includeInIndex = 0; path = PhotoFoodTests.xctest; sourceTree = BUILT_PRODUCTS_DIR; };
		986501BF2CB5D797006C0159 /* PhotoFoodTests.swift */ = {isa = PBXFileReference; lastKnownFileType = sourcecode.swift; path = PhotoFoodTests.swift; sourceTree = "<group>"; };
		98876C2E2CC2CEB200E2B6B0 /* SearchPresenterTests.swift */ = {isa = PBXFileReference; lastKnownFileType = sourcecode.swift; path = SearchPresenterTests.swift; sourceTree = "<group>"; };
		9890C13B2CBD905000AB4CBB /* SearchManager.swift */ = {isa = PBXFileReference; lastKnownFileType = sourcecode.swift; path = SearchManager.swift; sourceTree = "<group>"; };
		9890C13D2CBD978C00AB4CBB /* GoogleSearchView.swift */ = {isa = PBXFileReference; lastKnownFileType = sourcecode.swift; path = GoogleSearchView.swift; sourceTree = "<group>"; };
		9890C13F2CBDA6C000AB4CBB /* SearchContentView.swift */ = {isa = PBXFileReference; lastKnownFileType = sourcecode.swift; path = SearchContentView.swift; sourceTree = "<group>"; };
		989310D02CD8090C002D6D89 /* TestURecipesDataStack.swift */ = {isa = PBXFileReference; lastKnownFileType = sourcecode.swift; path = TestURecipesDataStack.swift; sourceTree = "<group>"; };
		989310D22CD809AC002D6D89 /* URecipesServiceTests.swift */ = {isa = PBXFileReference; lastKnownFileType = sourcecode.swift; path = URecipesServiceTests.swift; sourceTree = "<group>"; };
		98A4C3B52CBDC8EA00319485 /* testSearch.json */ = {isa = PBXFileReference; lastKnownFileType = text.json; path = testSearch.json; sourceTree = "<group>"; };
		98E07AE32CB83ED50070EA2F /* Constants.swift */ = {isa = PBXFileReference; lastKnownFileType = sourcecode.swift; path = Constants.swift; sourceTree = "<group>"; };
		98E07AE52CB84AEA0070EA2F /* SearchPresenter.swift */ = {isa = PBXFileReference; lastKnownFileType = sourcecode.swift; path = SearchPresenter.swift; sourceTree = "<group>"; };
		98E7B1852CC1A56400A15640 /* PhotoFoodUITests.xctest */ = {isa = PBXFileReference; explicitFileType = wrapper.cfbundle; includeInIndex = 0; path = PhotoFoodUITests.xctest; sourceTree = BUILT_PRODUCTS_DIR; };
		98E7B1872CC1A56400A15640 /* PhotoFoodUITests.swift */ = {isa = PBXFileReference; lastKnownFileType = sourcecode.swift; path = PhotoFoodUITests.swift; sourceTree = "<group>"; };
		98E7B1892CC1A56400A15640 /* PhotoFoodUITestsLaunchTests.swift */ = {isa = PBXFileReference; lastKnownFileType = sourcecode.swift; path = PhotoFoodUITestsLaunchTests.swift; sourceTree = "<group>"; };
		98F848C42C9CB4810080105D /* PhotoFood.app */ = {isa = PBXFileReference; explicitFileType = wrapper.application; includeInIndex = 0; path = PhotoFood.app; sourceTree = BUILT_PRODUCTS_DIR; };
		98F848C72C9CB4810080105D /* AppDelegate.swift */ = {isa = PBXFileReference; lastKnownFileType = sourcecode.swift; path = AppDelegate.swift; sourceTree = "<group>"; };
		98F848C92C9CB4810080105D /* SceneDelegate.swift */ = {isa = PBXFileReference; lastKnownFileType = sourcecode.swift; path = SceneDelegate.swift; sourceTree = "<group>"; };
		98F848CB2C9CB4810080105D /* CameraViewController.swift */ = {isa = PBXFileReference; lastKnownFileType = sourcecode.swift; path = CameraViewController.swift; sourceTree = "<group>"; };
		98F848CE2C9CB4810080105D /* Base */ = {isa = PBXFileReference; lastKnownFileType = file.storyboard; name = Base; path = Base.lproj/Main.storyboard; sourceTree = "<group>"; };
		98F848D32C9CB4820080105D /* Assets.xcassets */ = {isa = PBXFileReference; lastKnownFileType = folder.assetcatalog; path = Assets.xcassets; sourceTree = "<group>"; };
		98F848D62C9CB4820080105D /* Base */ = {isa = PBXFileReference; lastKnownFileType = file.storyboard; name = Base; path = Base.lproj/LaunchScreen.storyboard; sourceTree = "<group>"; };
		98F848D82C9CB4820080105D /* Info.plist */ = {isa = PBXFileReference; lastKnownFileType = text.plist.xml; path = Info.plist; sourceTree = "<group>"; };
		98F848E62C9CD9720080105D /* SearchViewController.swift */ = {isa = PBXFileReference; lastKnownFileType = sourcecode.swift; path = SearchViewController.swift; sourceTree = "<group>"; };
/* End PBXFileReference section */

/* Begin PBXFrameworksBuildPhase section */
		986501BA2CB5D797006C0159 /* Frameworks */ = {
			isa = PBXFrameworksBuildPhase;
			buildActionMask = 2147483647;
			files = (
			);
			runOnlyForDeploymentPostprocessing = 0;
		};
		98E7B1822CC1A56400A15640 /* Frameworks */ = {
			isa = PBXFrameworksBuildPhase;
			buildActionMask = 2147483647;
			files = (
			);
			runOnlyForDeploymentPostprocessing = 0;
		};
		98F848C12C9CB4810080105D /* Frameworks */ = {
			isa = PBXFrameworksBuildPhase;
			buildActionMask = 2147483647;
			files = (
			);
			runOnlyForDeploymentPostprocessing = 0;
		};
/* End PBXFrameworksBuildPhase section */

/* Begin PBXGroup section */
		980682132CCEE2610001824E /* UserRecipe */ = {
			isa = PBXGroup;
			children = (
				9806820F2CCEE1EF0001824E /* UserRecipe+CoreDataClass.swift */,
				980682102CCEE1EF0001824E /* UserRecipe+CoreDataProperties.swift */,
			);
			path = UserRecipe;
			sourceTree = "<group>";
		};
		980682222CD7F4ED0001824E /* Services */ = {
			isa = PBXGroup;
			children = (
				9806821E2CD7E2CB0001824E /* URecipesService.swift */,
				9806821C2CD7E1EE0001824E /* URecipesDataStack.swift */,
			);
			path = Services;
			sourceTree = "<group>";
		};
		986501BE2CB5D797006C0159 /* PhotoFoodTests */ = {
			isa = PBXGroup;
			children = (
				986501BF2CB5D797006C0159 /* PhotoFoodTests.swift */,
				98876C2E2CC2CEB200E2B6B0 /* SearchPresenterTests.swift */,
				989310D02CD8090C002D6D89 /* TestURecipesDataStack.swift */,
				989310D22CD809AC002D6D89 /* URecipesServiceTests.swift */,
			);
			path = PhotoFoodTests;
			sourceTree = "<group>";
		};
		98E7B1862CC1A56400A15640 /* PhotoFoodUITests */ = {
			isa = PBXGroup;
			children = (
				98E7B1872CC1A56400A15640 /* PhotoFoodUITests.swift */,
				98E7B1892CC1A56400A15640 /* PhotoFoodUITestsLaunchTests.swift */,
			);
			path = PhotoFoodUITests;
			sourceTree = "<group>";
		};
		98F848BB2C9CB4810080105D = {
			isa = PBXGroup;
			children = (
				98F848C62C9CB4810080105D /* PhotoFood */,
				986501BE2CB5D797006C0159 /* PhotoFoodTests */,
				98E7B1862CC1A56400A15640 /* PhotoFoodUITests */,
				98F848C52C9CB4810080105D /* Products */,
			);
			sourceTree = "<group>";
		};
		98F848C52C9CB4810080105D /* Products */ = {
			isa = PBXGroup;
			children = (
				98F848C42C9CB4810080105D /* PhotoFood.app */,
				986501BD2CB5D797006C0159 /* PhotoFoodTests.xctest */,
				98E7B1852CC1A56400A15640 /* PhotoFoodUITests.xctest */,
			);
			name = Products;
			sourceTree = "<group>";
		};
		98F848C62C9CB4810080105D /* PhotoFood */ = {
			isa = PBXGroup;
			children = (
				980682222CD7F4ED0001824E /* Services */,
				980682132CCEE2610001824E /* UserRecipe */,
				98F848E22C9CC6830080105D /* MVP */,
				98F848C72C9CB4810080105D /* AppDelegate.swift */,
				98F848C92C9CB4810080105D /* SceneDelegate.swift */,
				98F848CD2C9CB4810080105D /* Main.storyboard */,
				98F848D32C9CB4820080105D /* Assets.xcassets */,
				98F848D52C9CB4820080105D /* LaunchScreen.storyboard */,
				98F848D82C9CB4820080105D /* Info.plist */,
				98E07AE32CB83ED50070EA2F /* Constants.swift */,
				98A4C3B52CBDC8EA00319485 /* testSearch.json */,
			);
			path = PhotoFood;
			sourceTree = "<group>";
		};
		98F848E22C9CC6830080105D /* MVP */ = {
			isa = PBXGroup;
			children = (
				98F848E52C9CC6990080105D /* Presenter */,
				98F848E42C9CC6930080105D /* View */,
				98F848E32C9CC68A0080105D /* Model */,
			);
			path = MVP;
			sourceTree = "<group>";
		};
		98F848E32C9CC68A0080105D /* Model */ = {
			isa = PBXGroup;
			children = (
				9806820C2CCEE1200001824E /* URecipes.xcdatamodeld */,
				9809C74D2CB31D070071C685 /* GoogleSearchModel.swift */,
				9809C74F2CB3206D0071C685 /* GoogleSearchData.swift */,
			);
			path = Model;
			sourceTree = "<group>";
		};
		98F848E42C9CC6930080105D /* View */ = {
			isa = PBXGroup;
			children = (
				98F848CB2C9CB4810080105D /* CameraViewController.swift */,
				98F848E62C9CD9720080105D /* SearchViewController.swift */,
				9890C13D2CBD978C00AB4CBB /* GoogleSearchView.swift */,
				9890C13F2CBDA6C000AB4CBB /* SearchContentView.swift */,
				9806821A2CD7DF3B0001824E /* UserRecipeViewController.swift */,
				980682202CD7E74C0001824E /* URecipesTableViewController.swift */,
			);
			path = View;
			sourceTree = "<group>";
		};
		98F848E52C9CC6990080105D /* Presenter */ = {
			isa = PBXGroup;
			children = (
				9890C13B2CBD905000AB4CBB /* SearchManager.swift */,
				98E07AE52CB84AEA0070EA2F /* SearchPresenter.swift */,
			);
			path = Presenter;
			sourceTree = "<group>";
		};
/* End PBXGroup section */

/* Begin PBXNativeTarget section */
		986501BC2CB5D797006C0159 /* PhotoFoodTests */ = {
			isa = PBXNativeTarget;
			buildConfigurationList = 986501C32CB5D797006C0159 /* Build configuration list for PBXNativeTarget "PhotoFoodTests" */;
			buildPhases = (
				986501B92CB5D797006C0159 /* Sources */,
				986501BA2CB5D797006C0159 /* Frameworks */,
				986501BB2CB5D797006C0159 /* Resources */,
			);
			buildRules = (
			);
			dependencies = (
				986501C22CB5D797006C0159 /* PBXTargetDependency */,
			);
			name = PhotoFoodTests;
			productName = PhotoFoodTests;
			productReference = 986501BD2CB5D797006C0159 /* PhotoFoodTests.xctest */;
			productType = "com.apple.product-type.bundle.unit-test";
		};
		98E7B1842CC1A56400A15640 /* PhotoFoodUITests */ = {
			isa = PBXNativeTarget;
			buildConfigurationList = 98E7B18D2CC1A56400A15640 /* Build configuration list for PBXNativeTarget "PhotoFoodUITests" */;
			buildPhases = (
				98E7B1812CC1A56400A15640 /* Sources */,
				98E7B1822CC1A56400A15640 /* Frameworks */,
				98E7B1832CC1A56400A15640 /* Resources */,
			);
			buildRules = (
			);
			dependencies = (
				98E7B18C2CC1A56400A15640 /* PBXTargetDependency */,
			);
			name = PhotoFoodUITests;
			productName = PhotoFoodUITests;
			productReference = 98E7B1852CC1A56400A15640 /* PhotoFoodUITests.xctest */;
			productType = "com.apple.product-type.bundle.ui-testing";
		};
		98F848C32C9CB4810080105D /* PhotoFood */ = {
			isa = PBXNativeTarget;
			buildConfigurationList = 98F848DB2C9CB4820080105D /* Build configuration list for PBXNativeTarget "PhotoFood" */;
			buildPhases = (
				98F848C02C9CB4810080105D /* Sources */,
				98F848C12C9CB4810080105D /* Frameworks */,
				98F848C22C9CB4810080105D /* Resources */,
			);
			buildRules = (
			);
			dependencies = (
			);
			name = PhotoFood;
			packageProductDependencies = (
			);
			productName = PhotoFood;
			productReference = 98F848C42C9CB4810080105D /* PhotoFood.app */;
			productType = "com.apple.product-type.application";
		};
/* End PBXNativeTarget section */

/* Begin PBXProject section */
		98F848BC2C9CB4810080105D /* Project object */ = {
			isa = PBXProject;
			attributes = {
				BuildIndependentTargetsInParallel = 1;
				KnownAssetTags = (
					New,
				);
				LastSwiftUpdateCheck = 1540;
				LastUpgradeCheck = 1540;
				TargetAttributes = {
					986501BC2CB5D797006C0159 = {
						CreatedOnToolsVersion = 15.4;
						TestTargetID = 98F848C32C9CB4810080105D;
					};
					98E7B1842CC1A56400A15640 = {
						CreatedOnToolsVersion = 15.4;
						TestTargetID = 98F848C32C9CB4810080105D;
					};
					98F848C32C9CB4810080105D = {
						CreatedOnToolsVersion = 15.4;
					};
				};
			};
			buildConfigurationList = 98F848BF2C9CB4810080105D /* Build configuration list for PBXProject "PhotoFood" */;
			compatibilityVersion = "Xcode 14.0";
			developmentRegion = en;
			hasScannedForEncodings = 0;
			knownRegions = (
				en,
				Base,
			);
			mainGroup = 98F848BB2C9CB4810080105D;
			packageReferences = (
			);
			productRefGroup = 98F848C52C9CB4810080105D /* Products */;
			projectDirPath = "";
			projectRoot = "";
			targets = (
				98F848C32C9CB4810080105D /* PhotoFood */,
				986501BC2CB5D797006C0159 /* PhotoFoodTests */,
				98E7B1842CC1A56400A15640 /* PhotoFoodUITests */,
			);
		};
/* End PBXProject section */

/* Begin PBXResourcesBuildPhase section */
		986501BB2CB5D797006C0159 /* Resources */ = {
			isa = PBXResourcesBuildPhase;
			buildActionMask = 2147483647;
			files = (
			);
			runOnlyForDeploymentPostprocessing = 0;
		};
		98E7B1832CC1A56400A15640 /* Resources */ = {
			isa = PBXResourcesBuildPhase;
			buildActionMask = 2147483647;
			files = (
			);
			runOnlyForDeploymentPostprocessing = 0;
		};
		98F848C22C9CB4810080105D /* Resources */ = {
			isa = PBXResourcesBuildPhase;
			buildActionMask = 2147483647;
			files = (
				98F848D42C9CB4820080105D /* Assets.xcassets in Resources */,
				98A4C3B62CBDC8EA00319485 /* testSearch.json in Resources */,
				98F848E02C9CC34F0080105D /* LaunchScreen.storyboard in Resources */,
				98F848D72C9CB4820080105D /* Base in Resources */,
				98F848CF2C9CB4810080105D /* Base in Resources */,
			);
			runOnlyForDeploymentPostprocessing = 0;
		};
/* End PBXResourcesBuildPhase section */

/* Begin PBXSourcesBuildPhase section */
		986501B92CB5D797006C0159 /* Sources */ = {
			isa = PBXSourcesBuildPhase;
			buildActionMask = 2147483647;
			files = (
				98876C2F2CC2CEB200E2B6B0 /* SearchPresenterTests.swift in Sources */,
				989310D32CD809AC002D6D89 /* URecipesServiceTests.swift in Sources */,
				989310D12CD8090D002D6D89 /* TestURecipesDataStack.swift in Sources */,
				986501C02CB5D797006C0159 /* PhotoFoodTests.swift in Sources */,
			);
			runOnlyForDeploymentPostprocessing = 0;
		};
		98E7B1812CC1A56400A15640 /* Sources */ = {
			isa = PBXSourcesBuildPhase;
			buildActionMask = 2147483647;
			files = (
				98E7B1882CC1A56400A15640 /* PhotoFoodUITests.swift in Sources */,
				98E7B18A2CC1A56400A15640 /* PhotoFoodUITestsLaunchTests.swift in Sources */,
			);
			runOnlyForDeploymentPostprocessing = 0;
		};
		98F848C02C9CB4810080105D /* Sources */ = {
			isa = PBXSourcesBuildPhase;
			buildActionMask = 2147483647;
			files = (
				98E07AE62CB84AEA0070EA2F /* SearchPresenter.swift in Sources */,
				9806820E2CCEE1200001824E /* URecipes.xcdatamodeld in Sources */,
				98F848E72C9CD9720080105D /* SearchViewController.swift in Sources */,
				9890C1402CBDA6C000AB4CBB /* SearchContentView.swift in Sources */,
				980682112CCEE1EF0001824E /* UserRecipe+CoreDataClass.swift in Sources */,
				980682212CD7E74C0001824E /* URecipesTableViewController.swift in Sources */,
				980682122CCEE1EF0001824E /* UserRecipe+CoreDataProperties.swift in Sources */,
				9806821F2CD7E2CB0001824E /* URecipesService.swift in Sources */,
				9806821B2CD7DF3B0001824E /* UserRecipeViewController.swift in Sources */,
				9890C13E2CBD978C00AB4CBB /* GoogleSearchView.swift in Sources */,
				9890C13C2CBD905000AB4CBB /* SearchManager.swift in Sources */,
				98F848CC2C9CB4810080105D /* CameraViewController.swift in Sources */,
				9809C7502CB3206D0071C685 /* GoogleSearchData.swift in Sources */,
				98E07AE42CB83ED50070EA2F /* Constants.swift in Sources */,
				98F848C82C9CB4810080105D /* AppDelegate.swift in Sources */,
				98F848CA2C9CB4810080105D /* SceneDelegate.swift in Sources */,
				9806821D2CD7E1EE0001824E /* URecipesDataStack.swift in Sources */,
				9809C74E2CB31D070071C685 /* GoogleSearchModel.swift in Sources */,
			);
			runOnlyForDeploymentPostprocessing = 0;
		};
/* End PBXSourcesBuildPhase section */

/* Begin PBXTargetDependency section */
		986501C22CB5D797006C0159 /* PBXTargetDependency */ = {
			isa = PBXTargetDependency;
			target = 98F848C32C9CB4810080105D /* PhotoFood */;
			targetProxy = 986501C12CB5D797006C0159 /* PBXContainerItemProxy */;
		};
		98E7B18C2CC1A56400A15640 /* PBXTargetDependency */ = {
			isa = PBXTargetDependency;
			target = 98F848C32C9CB4810080105D /* PhotoFood */;
			targetProxy = 98E7B18B2CC1A56400A15640 /* PBXContainerItemProxy */;
		};
/* End PBXTargetDependency section */

/* Begin PBXVariantGroup section */
		98F848CD2C9CB4810080105D /* Main.storyboard */ = {
			isa = PBXVariantGroup;
			children = (
				98F848CE2C9CB4810080105D /* Base */,
			);
			name = Main.storyboard;
			sourceTree = "<group>";
		};
		98F848D52C9CB4820080105D /* LaunchScreen.storyboard */ = {
			isa = PBXVariantGroup;
			children = (
				98F848D62C9CB4820080105D /* Base */,
			);
			name = LaunchScreen.storyboard;
			sourceTree = "<group>";
		};
/* End PBXVariantGroup section */

/* Begin XCBuildConfiguration section */
		986501C42CB5D797006C0159 /* Debug */ = {
			isa = XCBuildConfiguration;
			buildSettings = {
				BUNDLE_LOADER = "$(TEST_HOST)";
				CODE_SIGN_STYLE = Automatic;
				CURRENT_PROJECT_VERSION = 1;
				DEVELOPMENT_TEAM = CR86LSC934;
				GENERATE_INFOPLIST_FILE = YES;
				MARKETING_VERSION = 1.0;
				PRODUCT_BUNDLE_IDENTIFIER = jduck.PhotoFoodTests;
				PRODUCT_NAME = "$(TARGET_NAME)";
				SWIFT_EMIT_LOC_STRINGS = NO;
				SWIFT_VERSION = 5.0;
				TARGETED_DEVICE_FAMILY = "1,2";
				TEST_HOST = "$(BUILT_PRODUCTS_DIR)/PhotoFood.app/$(BUNDLE_EXECUTABLE_FOLDER_PATH)/PhotoFood";
			};
			name = Debug;
		};
		986501C52CB5D797006C0159 /* Release */ = {
			isa = XCBuildConfiguration;
			buildSettings = {
				BUNDLE_LOADER = "$(TEST_HOST)";
				CODE_SIGN_STYLE = Automatic;
				CURRENT_PROJECT_VERSION = 1;
				DEVELOPMENT_TEAM = CR86LSC934;
				GENERATE_INFOPLIST_FILE = YES;
				MARKETING_VERSION = 1.0;
				PRODUCT_BUNDLE_IDENTIFIER = jduck.PhotoFoodTests;
				PRODUCT_NAME = "$(TARGET_NAME)";
				SWIFT_EMIT_LOC_STRINGS = NO;
				SWIFT_VERSION = 5.0;
				TARGETED_DEVICE_FAMILY = "1,2";
				TEST_HOST = "$(BUILT_PRODUCTS_DIR)/PhotoFood.app/$(BUNDLE_EXECUTABLE_FOLDER_PATH)/PhotoFood";
			};
			name = Release;
		};
		98E7B18E2CC1A56400A15640 /* Debug */ = {
			isa = XCBuildConfiguration;
			buildSettings = {
				CODE_SIGN_STYLE = Automatic;
				CURRENT_PROJECT_VERSION = 1;
				DEVELOPMENT_TEAM = CR86LSC934;
				GENERATE_INFOPLIST_FILE = YES;
				MARKETING_VERSION = 1.0;
				PRODUCT_BUNDLE_IDENTIFIER = jduck.PhotoFoodUITests;
				PRODUCT_NAME = "$(TARGET_NAME)";
				SWIFT_EMIT_LOC_STRINGS = NO;
				SWIFT_VERSION = 5.0;
				TARGETED_DEVICE_FAMILY = "1,2";
				TEST_TARGET_NAME = PhotoFood;
			};
			name = Debug;
		};
		98E7B18F2CC1A56400A15640 /* Release */ = {
			isa = XCBuildConfiguration;
			buildSettings = {
				CODE_SIGN_STYLE = Automatic;
				CURRENT_PROJECT_VERSION = 1;
				DEVELOPMENT_TEAM = CR86LSC934;
				GENERATE_INFOPLIST_FILE = YES;
				MARKETING_VERSION = 1.0;
				PRODUCT_BUNDLE_IDENTIFIER = jduck.PhotoFoodUITests;
				PRODUCT_NAME = "$(TARGET_NAME)";
				SWIFT_EMIT_LOC_STRINGS = NO;
				SWIFT_VERSION = 5.0;
				TARGETED_DEVICE_FAMILY = "1,2";
				TEST_TARGET_NAME = PhotoFood;
			};
			name = Release;
		};
		98F848D92C9CB4820080105D /* Debug */ = {
			isa = XCBuildConfiguration;
			buildSettings = {
				ALWAYS_SEARCH_USER_PATHS = NO;
				ASSETCATALOG_COMPILER_GENERATE_SWIFT_ASSET_SYMBOL_EXTENSIONS = YES;
				CLANG_ANALYZER_NONNULL = YES;
				CLANG_ANALYZER_NUMBER_OBJECT_CONVERSION = YES_AGGRESSIVE;
				CLANG_CXX_LANGUAGE_STANDARD = "gnu++20";
				CLANG_ENABLE_MODULES = YES;
				CLANG_ENABLE_OBJC_ARC = YES;
				CLANG_ENABLE_OBJC_WEAK = YES;
				CLANG_WARN_BLOCK_CAPTURE_AUTORELEASING = YES;
				CLANG_WARN_BOOL_CONVERSION = YES;
				CLANG_WARN_COMMA = YES;
				CLANG_WARN_CONSTANT_CONVERSION = YES;
				CLANG_WARN_DEPRECATED_OBJC_IMPLEMENTATIONS = YES;
				CLANG_WARN_DIRECT_OBJC_ISA_USAGE = YES_ERROR;
				CLANG_WARN_DOCUMENTATION_COMMENTS = YES;
				CLANG_WARN_EMPTY_BODY = YES;
				CLANG_WARN_ENUM_CONVERSION = YES;
				CLANG_WARN_INFINITE_RECURSION = YES;
				CLANG_WARN_INT_CONVERSION = YES;
				CLANG_WARN_NON_LITERAL_NULL_CONVERSION = YES;
				CLANG_WARN_OBJC_IMPLICIT_RETAIN_SELF = YES;
				CLANG_WARN_OBJC_LITERAL_CONVERSION = YES;
				CLANG_WARN_OBJC_ROOT_CLASS = YES_ERROR;
				CLANG_WARN_QUOTED_INCLUDE_IN_FRAMEWORK_HEADER = YES;
				CLANG_WARN_RANGE_LOOP_ANALYSIS = YES;
				CLANG_WARN_STRICT_PROTOTYPES = YES;
				CLANG_WARN_SUSPICIOUS_MOVE = YES;
				CLANG_WARN_UNGUARDED_AVAILABILITY = YES_AGGRESSIVE;
				CLANG_WARN_UNREACHABLE_CODE = YES;
				CLANG_WARN__DUPLICATE_METHOD_MATCH = YES;
				COPY_PHASE_STRIP = NO;
				DEBUG_INFORMATION_FORMAT = dwarf;
				ENABLE_STRICT_OBJC_MSGSEND = YES;
				ENABLE_TESTABILITY = YES;
				ENABLE_USER_SCRIPT_SANDBOXING = YES;
				GCC_C_LANGUAGE_STANDARD = gnu17;
				GCC_DYNAMIC_NO_PIC = NO;
				GCC_NO_COMMON_BLOCKS = YES;
				GCC_OPTIMIZATION_LEVEL = 0;
				GCC_PREPROCESSOR_DEFINITIONS = (
					"DEBUG=1",
					"$(inherited)",
				);
				GCC_WARN_64_TO_32_BIT_CONVERSION = YES;
				GCC_WARN_ABOUT_RETURN_TYPE = YES_ERROR;
				GCC_WARN_UNDECLARED_SELECTOR = YES;
				GCC_WARN_UNINITIALIZED_AUTOS = YES_AGGRESSIVE;
				GCC_WARN_UNUSED_FUNCTION = YES;
				GCC_WARN_UNUSED_VARIABLE = YES;
				IPHONEOS_DEPLOYMENT_TARGET = 17.5;
				LOCALIZATION_PREFERS_STRING_CATALOGS = YES;
				MTL_ENABLE_DEBUG_INFO = INCLUDE_SOURCE;
				MTL_FAST_MATH = YES;
				ONLY_ACTIVE_ARCH = YES;
				SDKROOT = iphoneos;
				SWIFT_ACTIVE_COMPILATION_CONDITIONS = "DEBUG $(inherited)";
				SWIFT_OPTIMIZATION_LEVEL = "-Onone";
			};
			name = Debug;
		};
		98F848DA2C9CB4820080105D /* Release */ = {
			isa = XCBuildConfiguration;
			buildSettings = {
				ALWAYS_SEARCH_USER_PATHS = NO;
				ASSETCATALOG_COMPILER_GENERATE_SWIFT_ASSET_SYMBOL_EXTENSIONS = YES;
				CLANG_ANALYZER_NONNULL = YES;
				CLANG_ANALYZER_NUMBER_OBJECT_CONVERSION = YES_AGGRESSIVE;
				CLANG_CXX_LANGUAGE_STANDARD = "gnu++20";
				CLANG_ENABLE_MODULES = YES;
				CLANG_ENABLE_OBJC_ARC = YES;
				CLANG_ENABLE_OBJC_WEAK = YES;
				CLANG_WARN_BLOCK_CAPTURE_AUTORELEASING = YES;
				CLANG_WARN_BOOL_CONVERSION = YES;
				CLANG_WARN_COMMA = YES;
				CLANG_WARN_CONSTANT_CONVERSION = YES;
				CLANG_WARN_DEPRECATED_OBJC_IMPLEMENTATIONS = YES;
				CLANG_WARN_DIRECT_OBJC_ISA_USAGE = YES_ERROR;
				CLANG_WARN_DOCUMENTATION_COMMENTS = YES;
				CLANG_WARN_EMPTY_BODY = YES;
				CLANG_WARN_ENUM_CONVERSION = YES;
				CLANG_WARN_INFINITE_RECURSION = YES;
				CLANG_WARN_INT_CONVERSION = YES;
				CLANG_WARN_NON_LITERAL_NULL_CONVERSION = YES;
				CLANG_WARN_OBJC_IMPLICIT_RETAIN_SELF = YES;
				CLANG_WARN_OBJC_LITERAL_CONVERSION = YES;
				CLANG_WARN_OBJC_ROOT_CLASS = YES_ERROR;
				CLANG_WARN_QUOTED_INCLUDE_IN_FRAMEWORK_HEADER = YES;
				CLANG_WARN_RANGE_LOOP_ANALYSIS = YES;
				CLANG_WARN_STRICT_PROTOTYPES = YES;
				CLANG_WARN_SUSPICIOUS_MOVE = YES;
				CLANG_WARN_UNGUARDED_AVAILABILITY = YES_AGGRESSIVE;
				CLANG_WARN_UNREACHABLE_CODE = YES;
				CLANG_WARN__DUPLICATE_METHOD_MATCH = YES;
				COPY_PHASE_STRIP = NO;
				DEBUG_INFORMATION_FORMAT = "dwarf-with-dsym";
				ENABLE_NS_ASSERTIONS = NO;
				ENABLE_STRICT_OBJC_MSGSEND = YES;
				ENABLE_USER_SCRIPT_SANDBOXING = YES;
				GCC_C_LANGUAGE_STANDARD = gnu17;
				GCC_NO_COMMON_BLOCKS = YES;
				GCC_WARN_64_TO_32_BIT_CONVERSION = YES;
				GCC_WARN_ABOUT_RETURN_TYPE = YES_ERROR;
				GCC_WARN_UNDECLARED_SELECTOR = YES;
				GCC_WARN_UNINITIALIZED_AUTOS = YES_AGGRESSIVE;
				GCC_WARN_UNUSED_FUNCTION = YES;
				GCC_WARN_UNUSED_VARIABLE = YES;
				IPHONEOS_DEPLOYMENT_TARGET = 17.5;
				LOCALIZATION_PREFERS_STRING_CATALOGS = YES;
				MTL_ENABLE_DEBUG_INFO = NO;
				MTL_FAST_MATH = YES;
				SDKROOT = iphoneos;
				SWIFT_COMPILATION_MODE = wholemodule;
				VALIDATE_PRODUCT = YES;
			};
			name = Release;
		};
		98F848DC2C9CB4820080105D /* Debug */ = {
			isa = XCBuildConfiguration;
			buildSettings = {
				ASSETCATALOG_COMPILER_APPICON_NAME = AppIcon;
				ASSETCATALOG_COMPILER_GLOBAL_ACCENT_COLOR_NAME = AccentColor;
				CODE_SIGN_STYLE = Automatic;
				CURRENT_PROJECT_VERSION = 1;
				DEVELOPMENT_TEAM = CR86LSC934;
				GENERATE_INFOPLIST_FILE = YES;
				INFOPLIST_FILE = PhotoFood/Info.plist;
				INFOPLIST_KEY_CFBundleDisplayName = "";
				INFOPLIST_KEY_LSApplicationCategoryType = "";
				INFOPLIST_KEY_NSCameraUsageDescription = "This app uses the camera to take photos of ingredients";
				INFOPLIST_KEY_UIApplicationSupportsIndirectInputEvents = YES;
				INFOPLIST_KEY_UILaunchStoryboardName = LaunchScreen;
				INFOPLIST_KEY_UIMainStoryboardFile = Main;
				INFOPLIST_KEY_UISupportedInterfaceOrientations_iPad = "UIInterfaceOrientationPortrait UIInterfaceOrientationPortraitUpsideDown UIInterfaceOrientationLandscapeLeft UIInterfaceOrientationLandscapeRight";
				INFOPLIST_KEY_UISupportedInterfaceOrientations_iPhone = "UIInterfaceOrientationPortrait UIInterfaceOrientationLandscapeLeft UIInterfaceOrientationLandscapeRight";
				LD_RUNPATH_SEARCH_PATHS = (
					"$(inherited)",
					"@executable_path/Frameworks",
				);
				MARKETING_VERSION = 1.0;
				PRODUCT_BUNDLE_IDENTIFIER = jduck.PhotoFood;
				PRODUCT_NAME = "$(TARGET_NAME)";
				SWIFT_EMIT_LOC_STRINGS = YES;
				SWIFT_VERSION = 5.0;
				TARGETED_DEVICE_FAMILY = "1,2";
			};
			name = Debug;
		};
		98F848DD2C9CB4820080105D /* Release */ = {
			isa = XCBuildConfiguration;
			buildSettings = {
				ASSETCATALOG_COMPILER_APPICON_NAME = AppIcon;
				ASSETCATALOG_COMPILER_GLOBAL_ACCENT_COLOR_NAME = AccentColor;
				CODE_SIGN_STYLE = Automatic;
				CURRENT_PROJECT_VERSION = 1;
				DEVELOPMENT_TEAM = CR86LSC934;
				GENERATE_INFOPLIST_FILE = YES;
				INFOPLIST_FILE = PhotoFood/Info.plist;
				INFOPLIST_KEY_CFBundleDisplayName = "";
				INFOPLIST_KEY_LSApplicationCategoryType = "";
				INFOPLIST_KEY_NSCameraUsageDescription = "This app uses the camera to take photos of ingredients";
				INFOPLIST_KEY_UIApplicationSupportsIndirectInputEvents = YES;
				INFOPLIST_KEY_UILaunchStoryboardName = LaunchScreen;
				INFOPLIST_KEY_UIMainStoryboardFile = Main;
				INFOPLIST_KEY_UISupportedInterfaceOrientations_iPad = "UIInterfaceOrientationPortrait UIInterfaceOrientationPortraitUpsideDown UIInterfaceOrientationLandscapeLeft UIInterfaceOrientationLandscapeRight";
				INFOPLIST_KEY_UISupportedInterfaceOrientations_iPhone = "UIInterfaceOrientationPortrait UIInterfaceOrientationLandscapeLeft UIInterfaceOrientationLandscapeRight";
				LD_RUNPATH_SEARCH_PATHS = (
					"$(inherited)",
					"@executable_path/Frameworks",
				);
				MARKETING_VERSION = 1.0;
				PRODUCT_BUNDLE_IDENTIFIER = jduck.PhotoFood;
				PRODUCT_NAME = "$(TARGET_NAME)";
				SWIFT_EMIT_LOC_STRINGS = YES;
				SWIFT_VERSION = 5.0;
				TARGETED_DEVICE_FAMILY = "1,2";
			};
			name = Release;
		};
/* End XCBuildConfiguration section */

/* Begin XCConfigurationList section */
		986501C32CB5D797006C0159 /* Build configuration list for PBXNativeTarget "PhotoFoodTests" */ = {
			isa = XCConfigurationList;
			buildConfigurations = (
				986501C42CB5D797006C0159 /* Debug */,
				986501C52CB5D797006C0159 /* Release */,
			);
			defaultConfigurationIsVisible = 0;
			defaultConfigurationName = Release;
		};
		98E7B18D2CC1A56400A15640 /* Build configuration list for PBXNativeTarget "PhotoFoodUITests" */ = {
			isa = XCConfigurationList;
			buildConfigurations = (
				98E7B18E2CC1A56400A15640 /* Debug */,
				98E7B18F2CC1A56400A15640 /* Release */,
			);
			defaultConfigurationIsVisible = 0;
			defaultConfigurationName = Release;
		};
		98F848BF2C9CB4810080105D /* Build configuration list for PBXProject "PhotoFood" */ = {
			isa = XCConfigurationList;
			buildConfigurations = (
				98F848D92C9CB4820080105D /* Debug */,
				98F848DA2C9CB4820080105D /* Release */,
			);
			defaultConfigurationIsVisible = 0;
			defaultConfigurationName = Release;
		};
		98F848DB2C9CB4820080105D /* Build configuration list for PBXNativeTarget "PhotoFood" */ = {
			isa = XCConfigurationList;
			buildConfigurations = (
				98F848DC2C9CB4820080105D /* Debug */,
				98F848DD2C9CB4820080105D /* Release */,
			);
			defaultConfigurationIsVisible = 0;
			defaultConfigurationName = Release;
		};
/* End XCConfigurationList section */

/* Begin XCVersionGroup section */
		9806820C2CCEE1200001824E /* URecipes.xcdatamodeld */ = {
			isa = XCVersionGroup;
			children = (
				9806820D2CCEE1200001824E /* URecipes.xcdatamodel */,
			);
			currentVersion = 9806820D2CCEE1200001824E /* URecipes.xcdatamodel */;
			path = URecipes.xcdatamodeld;
			sourceTree = "<group>";
			versionGroupType = wrapper.xcdatamodel;
		};
/* End XCVersionGroup section */
	};
	rootObject = 98F848BC2C9CB4810080105D /* Project object */;
}
